
Microsoft Visual Studio Solution File, Format Version 12.00
# Visual Studio Version 17
VisualStudioVersion = 17.10.34928.147
MinimumVisualStudioVersion = 10.0.40219.1
Project("{FAE04EC0-301F-11D3-BF4B-00C04F79EFBC}") = "Assignment09", "Assignment09\Assignment09.csproj", "{FDEAD90B-92E3-4658-BC9A-252879D18845}"
EndProject
Global
	GlobalSection(SolutionConfigurationPlatforms) = preSolution
		Debug|Any CPU = Debug|Any CPU
		Release|Any CPU = Release|Any CPU
	EndGlobalSection
	GlobalSection(ProjectConfigurationPlatforms) = postSolution
		{FDEAD90B-92E3-4658-BC9A-252879D18845}.Debug|Any CPU.ActiveCfg = Debug|Any CPU
		{FDEAD90B-92E3-4658-BC9A-252879D18845}.Debug|Any CPU.Build.0 = Debug|Any CPU
		{FDEAD90B-92E3-4658-BC9A-252879D18845}.Release|Any CPU.ActiveCfg = Release|Any CPU
		{FDEAD90B-92E3-4658-BC9A-252879D18845}.Release|Any CPU.Build.0 = Release|Any CPU
	EndGlobalSection
	GlobalSection(SolutionProperties) = preSolution
		HideSolutionNode = FALSE
	EndGlobalSection
	GlobalSection(ExtensibilityGlobals) = postSolution
		SolutionGuid = {A5CEC28C-40D5-4F27-8B31-5B486D14A084}
	EndGlobalSection
EndGlobal
